{
  "name": "@monofu/web",
  "version": "0.1.0",
  "lockfileVersion": 1,
  "requires": true,
  "dependencies": {
    "@emotion/hash": {
      "version": "0.8.0",
      "resolved": "https://registry.npmjs.org/@emotion/hash/-/hash-0.8.0.tgz",
      "integrity": "sha512-kBJtf7PH6aWwZ6fka3zQ0p6SBYzx4fl1LoZXE2RrnYST9Xljm7WfKJrU4g/Xr3Beg72MLrp1AWNUmuYJTL7Cow==",
      "dev": true
    },
    "@emotion/memoize": {
      "version": "0.7.5",
      "resolved": "https://registry.npmjs.org/@emotion/memoize/-/memoize-0.7.5.tgz",
      "integrity": "sha512-igX9a37DR2ZPGYtV6suZ6whr8pTFtyHL3K/oLUotxpSVO2ASaprmAe2Dkq7tBo7CRY7MMDrAa9nuQP9/YG8FxQ==",
      "dev": true
    },
    "@emotion/serialize": {
      "version": "1.0.2",
      "resolved": "https://registry.npmjs.org/@emotion/serialize/-/serialize-1.0.2.tgz",
      "integrity": "sha512-95MgNJ9+/ajxU7QIAruiOAdYNjxZX7G2mhgrtDWswA21VviYIRP1R5QilZ/bDY42xiKsaktP4egJb3QdYQZi1A==",
      "dev": true,
      "requires": {
        "@emotion/hash": "^0.8.0",
        "@emotion/memoize": "^0.7.4",
        "@emotion/unitless": "^0.7.5",
        "@emotion/utils": "^1.0.0",
        "csstype": "^3.0.2"
      }
    },
    "@emotion/unitless": {
      "version": "0.7.5",
      "resolved": "https://registry.npmjs.org/@emotion/unitless/-/unitless-0.7.5.tgz",
      "integrity": "sha512-OWORNpfjMsSSUBVrRBVGECkhWcULOAJz9ZW8uK9qgxD+87M7jHRcvh/A96XXNhXTLmKcoYSQtBEX7lHMO7YRwg==",
      "dev": true
    },
    "@emotion/utils": {
      "version": "1.0.0",
      "resolved": "https://registry.npmjs.org/@emotion/utils/-/utils-1.0.0.tgz",
      "integrity": "sha512-mQC2b3XLDs6QCW+pDQDiyO/EdGZYOygE8s5N5rrzjSI4M3IejPE/JPndCBwRT9z982aqQNi6beWs1UeayrQxxA==",
      "dev": true
    },
    "@types/humps": {
      "version": "2.0.0",
      "resolved": "https://registry.npmjs.org/@types/humps/-/humps-2.0.0.tgz",
      "integrity": "sha512-bP/s9HUT2oTJ0c3XGcHGISwTNs6r8eUPNfU6DuOSU8EHgtHqwvoDEyj76jPhKT/0MszS1PF/hHolxRrHSLYUPQ==",
      "dev": true
    },
    "@types/prop-types": {
      "version": "15.7.4",
      "resolved": "https://registry.npmjs.org/@types/prop-types/-/prop-types-15.7.4.tgz",
      "integrity": "sha512-rZ5drC/jWjrArrS8BR6SIr4cWpW09RNTYt9AMZo3Jwwif+iacXAqgVjm0B0Bv/S1jhDXKHqRVNCbACkJ89RAnQ==",
      "dev": true
    },
    "@types/react": {
      "version": "17.0.14",
      "resolved": "https://registry.npmjs.org/@types/react/-/react-17.0.14.tgz",
      "integrity": "sha512-0WwKHUbWuQWOce61UexYuWTGuGY/8JvtUe/dtQ6lR4sZ3UiylHotJeWpf3ArP9+DSGUoLY3wbU59VyMrJps5VQ==",
      "dev": true,
      "requires": {
        "@types/prop-types": "*",
        "@types/scheduler": "*",
        "csstype": "^3.0.2"
      }
    },
    "@types/react-dom": {
      "version": "17.0.9",
      "resolved": "https://registry.npmjs.org/@types/react-dom/-/react-dom-17.0.9.tgz",
      "integrity": "sha512-wIvGxLfgpVDSAMH5utdL9Ngm5Owu0VsGmldro3ORLXV8CShrL8awVj06NuEXFQ5xyaYfdca7Sgbk/50Ri1GdPg==",
      "dev": true,
      "requires": {
        "@types/react": "*"
      }
    },
    "@types/react-select": {
      "version": "4.0.17",
      "resolved": "https://registry.npmjs.org/@types/react-select/-/react-select-4.0.17.tgz",
      "integrity": "sha512-ZK5wcBhJaqC8ntQl0CJvK2KXNNsk1k5flM7jO+vNPPlceRzdJQazA6zTtQUyNr6exp5yrAiwiudtYxgGlgGHLg==",
      "dev": true,
      "requires": {
        "@emotion/serialize": "^1.0.0",
        "@types/react": "*",
        "@types/react-dom": "*",
        "@types/react-transition-group": "*"
      }
    },
    "@types/react-transition-group": {
      "version": "4.4.2",
      "resolved": "https://registry.npmjs.org/@types/react-transition-group/-/react-transition-group-4.4.2.tgz",
      "integrity": "sha512-KibDWL6nshuOJ0fu8ll7QnV/LVTo3PzQ9aCPnRUYPfX7eZohHwLIdNHj7pftanREzHNP4/nJa8oeM73uSiavMQ==",
      "dev": true,
      "requires": {
        "@types/react": "*"
      }
    },
    "@types/scheduler": {
      "version": "0.16.2",
      "resolved": "https://registry.npmjs.org/@types/scheduler/-/scheduler-0.16.2.tgz",
      "integrity": "sha512-hppQEBDmlwhFAXKJX2KnWLYu5yMfi91yazPb2l+lbJiwW+wdo1gNeRA+3RgNSO39WYX2euey41KEwnqesU2Jew==",
      "dev": true
    },
    "csstype": {
      "version": "3.0.8",
      "resolved": "https://registry.npmjs.org/csstype/-/csstype-3.0.8.tgz",
      "integrity": "sha512-jXKhWqXPmlUeoQnF/EhTtTl4C9SnrxSH/jZUih3jmO6lBKr99rP3/+FmrMj4EFpOXzMtXHAZkd3x0E6h6Fgflw==",
      "dev": true
    },
    "react-multi-carousel": {
      "version": "2.6.3",
      "resolved": "https://registry.npmjs.org/react-multi-carousel/-/react-multi-carousel-2.6.3.tgz",
      "integrity": "sha512-fCe+I1BlhTUyNHm/fh3bWavDo8UzoolTd/zrKao/wvb/XFf9dvesfNOawx7ukAzptiHOQhGCWZiNao+J76Byfw=="
    }
  }
}
